// !$*UTF8*$!
{
	archiveVersion = 1;
	classes = {
	};
	objectVersion = 48;
	objects = {

/* Begin PBXBuildFile section */
		15B9D8851FF3E50800327153 /* AppDelegate.swift in Sources */ = {isa = PBXBuildFile; fileRef = 15B9D8841FF3E50800327153 /* AppDelegate.swift */; };
		15B9D88A1FF3E50800327153 /* Lasp.xcdatamodeld in Sources */ = {isa = PBXBuildFile; fileRef = 15B9D8881FF3E50800327153 /* Lasp.xcdatamodeld */; };
		15B9D88C1FF3E50800327153 /* Assets.xcassets in Resources */ = {isa = PBXBuildFile; fileRef = 15B9D88B1FF3E50800327153 /* Assets.xcassets */; };
		15B9D88F1FF3E50800327153 /* Main.storyboard in Resources */ = {isa = PBXBuildFile; fileRef = 15B9D88D1FF3E50800327153 /* Main.storyboard */; };
		15B9D89B1FF3E50800327153 /* LaspTests.swift in Sources */ = {isa = PBXBuildFile; fileRef = 15B9D89A1FF3E50800327153 /* LaspTests.swift */; };
		15B9D8A61FF3E50800327153 /* LaspUITests.swift in Sources */ = {isa = PBXBuildFile; fileRef = 15B9D8A51FF3E50800327153 /* LaspUITests.swift */; };
		15B9D8B61FF3F2A800327153 /* CoreDataStack.swift in Sources */ = {isa = PBXBuildFile; fileRef = 15B9D8B51FF3F2A800327153 /* CoreDataStack.swift */; };
		15B9D8B81FF3FE7400327153 /* HomePageViewController.swift in Sources */ = {isa = PBXBuildFile; fileRef = 15B9D8B71FF3FE7400327153 /* HomePageViewController.swift */; };
/* End PBXBuildFile section */

/* Begin PBXContainerItemProxy section */
		15B9D8971FF3E50800327153 /* PBXContainerItemProxy */ = {
			isa = PBXContainerItemProxy;
			containerPortal = 15B9D8791FF3E50800327153 /* Project object */;
			proxyType = 1;
			remoteGlobalIDString = 15B9D8801FF3E50800327153;
			remoteInfo = Lasp;
		};
		15B9D8A21FF3E50800327153 /* PBXContainerItemProxy */ = {
			isa = PBXContainerItemProxy;
			containerPortal = 15B9D8791FF3E50800327153 /* Project object */;
			proxyType = 1;
			remoteGlobalIDString = 15B9D8801FF3E50800327153;
			remoteInfo = Lasp;
		};
/* End PBXContainerItemProxy section */

/* Begin PBXFileReference section */
		15B9D8811FF3E50800327153 /* Lasp.app */ = {isa = PBXFileReference; explicitFileType = wrapper.application; includeInIndex = 0; path = Lasp.app; sourceTree = BUILT_PRODUCTS_DIR; };
		15B9D8841FF3E50800327153 /* AppDelegate.swift */ = {isa = PBXFileReference; lastKnownFileType = sourcecode.swift; path = AppDelegate.swift; sourceTree = "<group>"; };
		15B9D8891FF3E50800327153 /* Lasp.xcdatamodel */ = {isa = PBXFileReference; lastKnownFileType = wrapper.xcdatamodel; path = Lasp.xcdatamodel; sourceTree = "<group>"; };
		15B9D88B1FF3E50800327153 /* Assets.xcassets */ = {isa = PBXFileReference; lastKnownFileType = folder.assetcatalog; path = Assets.xcassets; sourceTree = "<group>"; };
		15B9D88E1FF3E50800327153 /* Base */ = {isa = PBXFileReference; lastKnownFileType = file.storyboard; name = Base; path = Base.lproj/Main.storyboard; sourceTree = "<group>"; };
		15B9D8901FF3E50800327153 /* Info.plist */ = {isa = PBXFileReference; lastKnownFileType = text.plist.xml; path = Info.plist; sourceTree = "<group>"; };
		15B9D8911FF3E50800327153 /* Lasp.entitlements */ = {isa = PBXFileReference; lastKnownFileType = text.plist.entitlements; path = Lasp.entitlements; sourceTree = "<group>"; };
		15B9D8961FF3E50800327153 /* LaspTests.xctest */ = {isa = PBXFileReference; explicitFileType = wrapper.cfbundle; includeInIndex = 0; path = LaspTests.xctest; sourceTree = BUILT_PRODUCTS_DIR; };
		15B9D89A1FF3E50800327153 /* LaspTests.swift */ = {isa = PBXFileReference; lastKnownFileType = sourcecode.swift; path = LaspTests.swift; sourceTree = "<group>"; };
		15B9D89C1FF3E50800327153 /* Info.plist */ = {isa = PBXFileReference; lastKnownFileType = text.plist.xml; path = Info.plist; sourceTree = "<group>"; };
		15B9D8A11FF3E50800327153 /* LaspUITests.xctest */ = {isa = PBXFileReference; explicitFileType = wrapper.cfbundle; includeInIndex = 0; path = LaspUITests.xctest; sourceTree = BUILT_PRODUCTS_DIR; };
		15B9D8A51FF3E50800327153 /* LaspUITests.swift */ = {isa = PBXFileReference; lastKnownFileType = sourcecode.swift; path = LaspUITests.swift; sourceTree = "<group>"; };
		15B9D8A71FF3E50800327153 /* Info.plist */ = {isa = PBXFileReference; lastKnownFileType = text.plist.xml; path = Info.plist; sourceTree = "<group>"; };
		15B9D8B51FF3F2A800327153 /* CoreDataStack.swift */ = {isa = PBXFileReference; lastKnownFileType = sourcecode.swift; path = CoreDataStack.swift; sourceTree = "<group>"; };
		15B9D8B71FF3FE7400327153 /* HomePageViewController.swift */ = {isa = PBXFileReference; lastKnownFileType = sourcecode.swift; path = HomePageViewController.swift; sourceTree = "<group>"; };
/* End PBXFileReference section */

/* Begin PBXFrameworksBuildPhase section */
		15B9D87E1FF3E50800327153 /* Frameworks */ = {
			isa = PBXFrameworksBuildPhase;
			buildActionMask = 2147483647;
			files = (
			);
			runOnlyForDeploymentPostprocessing = 0;
		};
		15B9D8931FF3E50800327153 /* Frameworks */ = {
			isa = PBXFrameworksBuildPhase;
			buildActionMask = 2147483647;
			files = (
			);
			runOnlyForDeploymentPostprocessing = 0;
		};
		15B9D89E1FF3E50800327153 /* Frameworks */ = {
			isa = PBXFrameworksBuildPhase;
			buildActionMask = 2147483647;
			files = (
			);
			runOnlyForDeploymentPostprocessing = 0;
		};
/* End PBXFrameworksBuildPhase section */

/* Begin PBXGroup section */
		15B9D8781FF3E50800327153 = {
			isa = PBXGroup;
			children = (
				15B9D8831FF3E50800327153 /* Lasp */,
				15B9D8991FF3E50800327153 /* LaspTests */,
				15B9D8A41FF3E50800327153 /* LaspUITests */,
				15B9D8821FF3E50800327153 /* Products */,
			);
			sourceTree = "<group>";
		};
		15B9D8821FF3E50800327153 /* Products */ = {
			isa = PBXGroup;
			children = (
				15B9D8811FF3E50800327153 /* Lasp.app */,
				15B9D8961FF3E50800327153 /* LaspTests.xctest */,
				15B9D8A11FF3E50800327153 /* LaspUITests.xctest */,
			);
			name = Products;
			sourceTree = "<group>";
		};
		15B9D8831FF3E50800327153 /* Lasp */ = {
			isa = PBXGroup;
			children = (
				15B9D8841FF3E50800327153 /* AppDelegate.swift */,
				15B9D88B1FF3E50800327153 /* Assets.xcassets */,
				15B9D88D1FF3E50800327153 /* Main.storyboard */,
				15B9D8901FF3E50800327153 /* Info.plist */,
				15B9D8911FF3E50800327153 /* Lasp.entitlements */,
				15B9D8881FF3E50800327153 /* Lasp.xcdatamodeld */,
				15B9D8B51FF3F2A800327153 /* CoreDataStack.swift */,
				15B9D8B71FF3FE7400327153 /* HomePageViewController.swift */,
			);
			path = Lasp;
			sourceTree = "<group>";
		};
		15B9D8991FF3E50800327153 /* LaspTests */ = {
			isa = PBXGroup;
			children = (
				15B9D89A1FF3E50800327153 /* LaspTests.swift */,
				15B9D89C1FF3E50800327153 /* Info.plist */,
			);
			path = LaspTests;
			sourceTree = "<group>";
		};
		15B9D8A41FF3E50800327153 /* LaspUITests */ = {
			isa = PBXGroup;
			children = (
				15B9D8A51FF3E50800327153 /* LaspUITests.swift */,
				15B9D8A71FF3E50800327153 /* Info.plist */,
			);
			path = LaspUITests;
			sourceTree = "<group>";
		};
/* End PBXGroup section */

/* Begin PBXNativeTarget section */
		15B9D8801FF3E50800327153 /* Lasp */ = {
			isa = PBXNativeTarget;
			buildConfigurationList = 15B9D8AA1FF3E50800327153 /* Build configuration list for PBXNativeTarget "Lasp" */;
			buildPhases = (
				15B9D87D1FF3E50800327153 /* Sources */,
				15B9D87E1FF3E50800327153 /* Frameworks */,
				15B9D87F1FF3E50800327153 /* Resources */,
			);
			buildRules = (
			);
			dependencies = (
			);
			name = Lasp;
			productName = Lasp;
			productReference = 15B9D8811FF3E50800327153 /* Lasp.app */;
			productType = "com.apple.product-type.application";
		};
		15B9D8951FF3E50800327153 /* LaspTests */ = {
			isa = PBXNativeTarget;
			buildConfigurationList = 15B9D8AD1FF3E50800327153 /* Build configuration list for PBXNativeTarget "LaspTests" */;
			buildPhases = (
				15B9D8921FF3E50800327153 /* Sources */,
				15B9D8931FF3E50800327153 /* Frameworks */,
				15B9D8941FF3E50800327153 /* Resources */,
			);
			buildRules = (
			);
			dependencies = (
				15B9D8981FF3E50800327153 /* PBXTargetDependency */,
			);
			name = LaspTests;
			productName = LaspTests;
			productReference = 15B9D8961FF3E50800327153 /* LaspTests.xctest */;
			productType = "com.apple.product-type.bundle.unit-test";
		};
		15B9D8A01FF3E50800327153 /* LaspUITests */ = {
			isa = PBXNativeTarget;
			buildConfigurationList = 15B9D8B01FF3E50800327153 /* Build configuration list for PBXNativeTarget "LaspUITests" */;
			buildPhases = (
				15B9D89D1FF3E50800327153 /* Sources */,
				15B9D89E1FF3E50800327153 /* Frameworks */,
				15B9D89F1FF3E50800327153 /* Resources */,
			);
			buildRules = (
			);
			dependencies = (
				15B9D8A31FF3E50800327153 /* PBXTargetDependency */,
			);
			name = LaspUITests;
			productName = LaspUITests;
			productReference = 15B9D8A11FF3E50800327153 /* LaspUITests.xctest */;
			productType = "com.apple.product-type.bundle.ui-testing";
		};
/* End PBXNativeTarget section */

/* Begin PBXProject section */
		15B9D8791FF3E50800327153 /* Project object */ = {
			isa = PBXProject;
			attributes = {
				LastSwiftUpdateCheck = 0900;
				LastUpgradeCheck = 0900;
				ORGANIZATIONNAME = "Leaky Faucet";
				TargetAttributes = {
					15B9D8801FF3E50800327153 = {
						CreatedOnToolsVersion = 9.0;
						ProvisioningStyle = Automatic;
					};
					15B9D8951FF3E50800327153 = {
						CreatedOnToolsVersion = 9.0;
						ProvisioningStyle = Automatic;
						TestTargetID = 15B9D8801FF3E50800327153;
					};
					15B9D8A01FF3E50800327153 = {
						CreatedOnToolsVersion = 9.0;
						ProvisioningStyle = Automatic;
						TestTargetID = 15B9D8801FF3E50800327153;
					};
				};
			};
			buildConfigurationList = 15B9D87C1FF3E50800327153 /* Build configuration list for PBXProject "Lasp" */;
			compatibilityVersion = "Xcode 8.0";
			developmentRegion = en;
			hasScannedForEncodings = 0;
			knownRegions = (
				en,
				Base,
			);
			mainGroup = 15B9D8781FF3E50800327153;
			productRefGroup = 15B9D8821FF3E50800327153 /* Products */;
			projectDirPath = "";
			projectRoot = "";
			targets = (
				15B9D8801FF3E50800327153 /* Lasp */,
				15B9D8951FF3E50800327153 /* LaspTests */,
				15B9D8A01FF3E50800327153 /* LaspUITests */,
			);
		};
/* End PBXProject section */

/* Begin PBXResourcesBuildPhase section */
		15B9D87F1FF3E50800327153 /* Resources */ = {
			isa = PBXResourcesBuildPhase;
			buildActionMask = 2147483647;
			files = (
				15B9D88C1FF3E50800327153 /* Assets.xcassets in Resources */,
				15B9D88F1FF3E50800327153 /* Main.storyboard in Resources */,
			);
			runOnlyForDeploymentPostprocessing = 0;
		};
		15B9D8941FF3E50800327153 /* Resources */ = {
			isa = PBXResourcesBuildPhase;
			buildActionMask = 2147483647;
			files = (
			);
			runOnlyForDeploymentPostprocessing = 0;
		};
		15B9D89F1FF3E50800327153 /* Resources */ = {
			isa = PBXResourcesBuildPhase;
			buildActionMask = 2147483647;
			files = (
			);
			runOnlyForDeploymentPostprocessing = 0;
		};
/* End PBXResourcesBuildPhase section */

/* Begin PBXSourcesBuildPhase section */
		15B9D87D1FF3E50800327153 /* Sources */ = {
			isa = PBXSourcesBuildPhase;
			buildActionMask = 2147483647;
			files = (
				15B9D8B81FF3FE7400327153 /* HomePageViewController.swift in Sources */,
				15B9D8851FF3E50800327153 /* AppDelegate.swift in Sources */,
				15B9D88A1FF3E50800327153 /* Lasp.xcdatamodeld in Sources */,
				15B9D8B61FF3F2A800327153 /* CoreDataStack.swift in Sources */,
			);
			runOnlyForDeploymentPostprocessing = 0;
		};
		15B9D8921FF3E50800327153 /* Sources */ = {
			isa = PBXSourcesBuildPhase;
			buildActionMask = 2147483647;
			files = (
				15B9D89B1FF3E50800327153 /* LaspTests.swift in Sources */,
			);
			runOnlyForDeploymentPostprocessing = 0;
		};
		15B9D89D1FF3E50800327153 /* Sources */ = {
			isa = PBXSourcesBuildPhase;
			buildActionMask = 2147483647;
			files = (
				15B9D8A61FF3E50800327153 /* LaspUITests.swift in Sources */,
			);
			runOnlyForDeploymentPostprocessing = 0;
		};
/* End PBXSourcesBuildPhase section */

/* Begin PBXTargetDependency section */
		15B9D8981FF3E50800327153 /* PBXTargetDependency */ = {
			isa = PBXTargetDependency;
			target = 15B9D8801FF3E50800327153 /* Lasp */;
			targetProxy = 15B9D8971FF3E50800327153 /* PBXContainerItemProxy */;
		};
		15B9D8A31FF3E50800327153 /* PBXTargetDependency */ = {
			isa = PBXTargetDependency;
			target = 15B9D8801FF3E50800327153 /* Lasp */;
			targetProxy = 15B9D8A21FF3E50800327153 /* PBXContainerItemProxy */;
		};
/* End PBXTargetDependency section */

/* Begin PBXVariantGroup section */
		15B9D88D1FF3E50800327153 /* Main.storyboard */ = {
			isa = PBXVariantGroup;
			children = (
				15B9D88E1FF3E50800327153 /* Base */,
			);
			name = Main.storyboard;
			sourceTree = "<group>";
		};
/* End PBXVariantGroup section */

/* Begin XCBuildConfiguration section */
		15B9D8A81FF3E50800327153 /* Debug */ = {
			isa = XCBuildConfiguration;
			buildSettings = {
				ALWAYS_SEARCH_USER_PATHS = NO;
				CLANG_ANALYZER_NONNULL = YES;
				CLANG_ANALYZER_NUMBER_OBJECT_CONVERSION = YES_AGGRESSIVE;
				CLANG_CXX_LANGUAGE_STANDARD = "gnu++14";
				CLANG_CXX_LIBRARY = "libc++";
				CLANG_ENABLE_MODULES = YES;
				CLANG_ENABLE_OBJC_ARC = YES;
				CLANG_WARN_BLOCK_CAPTURE_AUTORELEASING = YES;
				CLANG_WARN_BOOL_CONVERSION = YES;
				CLANG_WARN_COMMA = YES;
				CLANG_WARN_CONSTANT_CONVERSION = YES;
				CLANG_WARN_DIRECT_OBJC_ISA_USAGE = YES_ERROR;
				CLANG_WARN_DOCUMENTATION_COMMENTS = YES;
				CLANG_WARN_EMPTY_BODY = YES;
				CLANG_WARN_ENUM_CONVERSION = YES;
				CLANG_WARN_INFINITE_RECURSION = YES;
				CLANG_WARN_INT_CONVERSION = YES;
				CLANG_WARN_NON_LITERAL_NULL_CONVERSION = YES;
				CLANG_WARN_OBJC_LITERAL_CONVERSION = YES;
				CLANG_WARN_OBJC_ROOT_CLASS = YES_ERROR;
				CLANG_WARN_RANGE_LOOP_ANALYSIS = YES;
				CLANG_WARN_STRICT_PROTOTYPES = YES;
				CLANG_WARN_SUSPICIOUS_MOVE = YES;
				CLANG_WARN_UNGUARDED_AVAILABILITY = YES_AGGRESSIVE;
				CLANG_WARN_UNREACHABLE_CODE = YES;
				CLANG_WARN__DUPLICATE_METHOD_MATCH = YES;
				CODE_SIGN_IDENTITY = "-";
				COPY_PHASE_STRIP = NO;
				DEBUG_INFORMATION_FORMAT = dwarf;
				ENABLE_STRICT_OBJC_MSGSEND = YES;
				ENABLE_TESTABILITY = YES;
				GCC_C_LANGUAGE_STANDARD = gnu11;
				GCC_DYNAMIC_NO_PIC = NO;
				GCC_NO_COMMON_BLOCKS = YES;
				GCC_OPTIMIZATION_LEVEL = 0;
				GCC_PREPROCESSOR_DEFINITIONS = (
					"DEBUG=1",
					"$(inherited)",
				);
				GCC_WARN_64_TO_32_BIT_CONVERSION = YES;
				GCC_WARN_ABOUT_RETURN_TYPE = YES_ERROR;
				GCC_WARN_UNDECLARED_SELECTOR = YES;
				GCC_WARN_UNINITIALIZED_AUTOS = YES_AGGRESSIVE;
				GCC_WARN_UNUSED_FUNCTION = YES;
				GCC_WARN_UNUSED_VARIABLE = YES;
				MACOSX_DEPLOYMENT_TARGET = 10.13;
				MTL_ENABLE_DEBUG_INFO = YES;
				ONLY_ACTIVE_ARCH = YES;
				SDKROOT = macosx;
				SWIFT_ACTIVE_COMPILATION_CONDITIONS = DEBUG;
				SWIFT_OPTIMIZATION_LEVEL = "-Onone";
			};
			name = Debug;
		};
		15B9D8A91FF3E50800327153 /* Release */ = {
			isa = XCBuildConfiguration;
			buildSettings = {
				ALWAYS_SEARCH_USER_PATHS = NO;
				CLANG_ANALYZER_NONNULL = YES;
				CLANG_ANALYZER_NUMBER_OBJECT_CONVERSION = YES_AGGRESSIVE;
				CLANG_CXX_LANGUAGE_STANDARD = "gnu++14";
				CLANG_CXX_LIBRARY = "libc++";
				CLANG_ENABLE_MODULES = YES;
				CLANG_ENABLE_OBJC_ARC = YES;
				CLANG_WARN_BLOCK_CAPTURE_AUTORELEASING = YES;
				CLANG_WARN_BOOL_CONVERSION = YES;
				CLANG_WARN_COMMA = YES;
				CLANG_WARN_CONSTANT_CONVERSION = YES;
				CLANG_WARN_DIRECT_OBJC_ISA_USAGE = YES_ERROR;
				CLANG_WARN_DOCUMENTATION_COMMENTS = YES;
				CLANG_WARN_EMPTY_BODY = YES;
				CLANG_WARN_ENUM_CONVERSION = YES;
				CLANG_WARN_INFINITE_RECURSION = YES;
				CLANG_WARN_INT_CONVERSION = YES;
				CLANG_WARN_NON_LITERAL_NULL_CONVERSION = YES;
				CLANG_WARN_OBJC_LITERAL_CONVERSION = YES;
				CLANG_WARN_OBJC_ROOT_CLASS = YES_ERROR;
				CLANG_WARN_RANGE_LOOP_ANALYSIS = YES;
				CLANG_WARN_STRICT_PROTOTYPES = YES;
				CLANG_WARN_SUSPICIOUS_MOVE = YES;
				CLANG_WARN_UNGUARDED_AVAILABILITY = YES_AGGRESSIVE;
				CLANG_WARN_UNREACHABLE_CODE = YES;
				CLANG_WARN__DUPLICATE_METHOD_MATCH = YES;
				CODE_SIGN_IDENTITY = "-";
				COPY_PHASE_STRIP = NO;
				DEBUG_INFORMATION_FORMAT = "dwarf-with-dsym";
				ENABLE_NS_ASSERTIONS = NO;
				ENABLE_STRICT_OBJC_MSGSEND = YES;
				GCC_C_LANGUAGE_STANDARD = gnu11;
				GCC_NO_COMMON_BLOCKS = YES;
				GCC_WARN_64_TO_32_BIT_CONVERSION = YES;
				GCC_WARN_ABOUT_RETURN_TYPE = YES_ERROR;
				GCC_WARN_UNDECLARED_SELECTOR = YES;
				GCC_WARN_UNINITIALIZED_AUTOS = YES_AGGRESSIVE;
				GCC_WARN_UNUSED_FUNCTION = YES;
				GCC_WARN_UNUSED_VARIABLE = YES;
				MACOSX_DEPLOYMENT_TARGET = 10.13;
				MTL_ENABLE_DEBUG_INFO = NO;
				SDKROOT = macosx;
				SWIFT_OPTIMIZATION_LEVEL = "-Owholemodule";
			};
			name = Release;
		};
		15B9D8AB1FF3E50800327153 /* Debug */ = {
			isa = XCBuildConfiguration;
			buildSettings = {
				ASSETCATALOG_COMPILER_APPICON_NAME = AppIcon;
				CODE_SIGN_ENTITLEMENTS = Lasp/Lasp.entitlements;
				CODE_SIGN_STYLE = Automatic;
				COMBINE_HIDPI_IMAGES = YES;
				INFOPLIST_FILE = Lasp/Info.plist;
				LD_RUNPATH_SEARCH_PATHS = "$(inherited) @executable_path/../Frameworks";
				PRODUCT_BUNDLE_IDENTIFIER = com.leakyfaucet.Lasp;
				PRODUCT_NAME = "$(TARGET_NAME)";
				SWIFT_VERSION = 4.0;
			};
			name = Debug;
		};
		15B9D8AC1FF3E50800327153 /* Release */ = {
			isa = XCBuildConfiguration;
			buildSettings = {
				ASSETCATALOG_COMPILER_APPICON_NAME = AppIcon;
				CODE_SIGN_ENTITLEMENTS = Lasp/Lasp.entitlements;
				CODE_SIGN_STYLE = Automatic;
				COMBINE_HIDPI_IMAGES = YES;
				INFOPLIST_FILE = Lasp/Info.plist;
				LD_RUNPATH_SEARCH_PATHS = "$(inherited) @executable_path/../Frameworks";
				PRODUCT_BUNDLE_IDENTIFIER = com.leakyfaucet.Lasp;
				PRODUCT_NAME = "$(TARGET_NAME)";
				SWIFT_VERSION = 4.0;
			};
			name = Release;
		};
		15B9D8AE1FF3E50800327153 /* Debug */ = {
			isa = XCBuildConfiguration;
			buildSettings = {
				ALWAYS_EMBED_SWIFT_STANDARD_LIBRARIES = YES;
				BUNDLE_LOADER = "$(TEST_HOST)";
				CODE_SIGN_STYLE = Automatic;
				COMBINE_HIDPI_IMAGES = YES;
				INFOPLIST_FILE = LaspTests/Info.plist;
				LD_RUNPATH_SEARCH_PATHS = "$(inherited) @executable_path/../Frameworks @loader_path/../Frameworks";
				PRODUCT_BUNDLE_IDENTIFIER = com.leakyfaucet.LaspTests;
				PRODUCT_NAME = "$(TARGET_NAME)";
				SWIFT_VERSION = 4.0;
				TEST_HOST = "$(BUILT_PRODUCTS_DIR)/Lasp.app/Contents/MacOS/Lasp";
			};
			name = Debug;
		};
		15B9D8AF1FF3E50800327153 /* Release */ = {
			isa = XCBuildConfiguration;
			buildSettings = {
				ALWAYS_EMBED_SWIFT_STANDARD_LIBRARIES = YES;
				BUNDLE_LOADER = "$(TEST_HOST)";
				CODE_SIGN_STYLE = Automatic;
				COMBINE_HIDPI_IMAGES = YES;
				INFOPLIST_FILE = LaspTests/Info.plist;
				LD_RUNPATH_SEARCH_PATHS = "$(inherited) @executable_path/../Frameworks @loader_path/../Frameworks";
				PRODUCT_BUNDLE_IDENTIFIER = com.leakyfaucet.LaspTests;
				PRODUCT_NAME = "$(TARGET_NAME)";
				SWIFT_VERSION = 4.0;
				TEST_HOST = "$(BUILT_PRODUCTS_DIR)/Lasp.app/Contents/MacOS/Lasp";
			};
			name = Release;
		};
		15B9D8B11FF3E50800327153 /* Debug */ = {
			isa = XCBuildConfiguration;
			buildSettings = {
				ALWAYS_EMBED_SWIFT_STANDARD_LIBRARIES = YES;
				CODE_SIGN_STYLE = Automatic;
				COMBINE_HIDPI_IMAGES = YES;
				INFOPLIST_FILE = LaspUITests/Info.plist;
				LD_RUNPATH_SEARCH_PATHS = "$(inherited) @executable_path/../Frameworks @loader_path/../Frameworks";
				PRODUCT_BUNDLE_IDENTIFIER = com.leakyfaucet.LaspUITests;
				PRODUCT_NAME = "$(TARGET_NAME)";
				SWIFT_VERSION = 4.0;
				TEST_TARGET_NAME = Lasp;
			};
			name = Debug;
		};
		15B9D8B21FF3E50800327153 /* Release */ = {
			isa = XCBuildConfiguration;
			buildSettings = {
				ALWAYS_EMBED_SWIFT_STANDARD_LIBRARIES = YES;
				CODE_SIGN_STYLE = Automatic;
				COMBINE_HIDPI_IMAGES = YES;
				INFOPLIST_FILE = LaspUITests/Info.plist;
				LD_RUNPATH_SEARCH_PATHS = "$(inherited) @executable_path/../Frameworks @loader_path/../Frameworks";
				PRODUCT_BUNDLE_IDENTIFIER = com.leakyfaucet.LaspUITests;
				PRODUCT_NAME = "$(TARGET_NAME)";
				SWIFT_VERSION = 4.0;
				TEST_TARGET_NAME = Lasp;
			};
			name = Release;
		};
/* End XCBuildConfiguration section */

/* Begin XCConfigurationList section */
		15B9D87C1FF3E50800327153 /* Build configuration list for PBXProject "Lasp" */ = {
			isa = XCConfigurationList;
			buildConfigurations = (
				15B9D8A81FF3E50800327153 /* Debug */,
				15B9D8A91FF3E50800327153 /* Release */,
			);
			defaultConfigurationIsVisible = 0;
			defaultConfigurationName = Release;
		};
		15B9D8AA1FF3E50800327153 /* Build configuration list for PBXNativeTarget "Lasp" */ = {
			isa = XCConfigurationList;
			buildConfigurations = (
				15B9D8AB1FF3E50800327153 /* Debug */,
				15B9D8AC1FF3E50800327153 /* Release */,
			);
			defaultConfigurationIsVisible = 0;
			defaultConfigurationName = Release;
		};
		15B9D8AD1FF3E50800327153 /* Build configuration list for PBXNativeTarget "LaspTests" */ = {
			isa = XCConfigurationList;
			buildConfigurations = (
				15B9D8AE1FF3E50800327153 /* Debug */,
				15B9D8AF1FF3E50800327153 /* Release */,
			);
			defaultConfigurationIsVisible = 0;
			defaultConfigurationName = Release;
		};
		15B9D8B01FF3E50800327153 /* Build configuration list for PBXNativeTarget "LaspUITests" */ = {
			isa = XCConfigurationList;
			buildConfigurations = (
				15B9D8B11FF3E50800327153 /* Debug */,
				15B9D8B21FF3E50800327153 /* Release */,
			);
			defaultConfigurationIsVisible = 0;
			defaultConfigurationName = Release;
		};
/* End XCConfigurationList section */

/* Begin XCVersionGroup section */
		15B9D8881FF3E50800327153 /* Lasp.xcdatamodeld */ = {
			isa = XCVersionGroup;
			children = (
				15B9D8891FF3E50800327153 /* Lasp.xcdatamodel */,
			);
			currentVersion = 15B9D8891FF3E50800327153 /* Lasp.xcdatamodel */;
			path = Lasp.xcdatamodeld;
			sourceTree = "<group>";
			versionGroupType = wrapper.xcdatamodel;
		};
/* End XCVersionGroup section */
	};
	rootObject = 15B9D8791FF3E50800327153 /* Project object */;
}
